
Microsoft Visual Studio Solution File, Format Version 11.00
# Visual Studio 2010
Project("{8BC9CEB8-8B4A-11D0-8D11-00A0C91BC942}") = "commons", "commons\commons.vcxproj", "{AFAF8237-EE1C-44FD-BA79-8E151B8B74FE}"
EndProject
Project("{8BC9CEB8-8B4A-11D0-8D11-00A0C91BC942}") = "ManageMyMobile_DesktopClient", "ManageMyMobile_DesktopClient\ManageMyMobile_DesktopClient.vcxproj", "{5A613645-0A5B-405F-AC05-0A64D6979F27}"
	ProjectSection(ProjectDependencies) = postProject
		{AFAF8237-EE1C-44FD-BA79-8E151B8B74FE} = {AFAF8237-EE1C-44FD-BA79-8E151B8B74FE}
	EndProjectSection
EndProject
Global
	GlobalSection(SolutionConfigurationPlatforms) = preSolution
		Debug|Win32 = Debug|Win32
		Release|Win32 = Release|Win32
	EndGlobalSection
	GlobalSection(ProjectConfigurationPlatforms) = postSolution
		{AFAF8237-EE1C-44FD-BA79-8E151B8B74FE}.Debug|Win32.ActiveCfg = Debug|Win32
		{AFAF8237-EE1C-44FD-BA79-8E151B8B74FE}.Debug|Win32.Build.0 = Debug|Win32
		{AFAF8237-EE1C-44FD-BA79-8E151B8B74FE}.Release|Win32.ActiveCfg = Release|Win32
		{AFAF8237-EE1C-44FD-BA79-8E151B8B74FE}.Release|Win32.Build.0 = Release|Win32
		{5A613645-0A5B-405F-AC05-0A64D6979F27}.Debug|Win32.ActiveCfg = Debug|Win32
		{5A613645-0A5B-405F-AC05-0A64D6979F27}.Debug|Win32.Build.0 = Debug|Win32
		{5A613645-0A5B-405F-AC05-0A64D6979F27}.Release|Win32.ActiveCfg = Release|Win32
		{5A613645-0A5B-405F-AC05-0A64D6979F27}.Release|Win32.Build.0 = Release|Win32
	EndGlobalSection
	GlobalSection(SolutionProperties) = preSolution
		HideSolutionNode = FALSE
	EndGlobalSection
EndGlobal
